// !$*UTF8*$!
{
	archiveVersion = 1;
	classes = {
	};
	objectVersion = 50;
	objects = {

/* Begin PBXBuildFile section */
		E190F61C242929930030B996 /* AppDelegate.swift in Sources */ = {isa = PBXBuildFile; fileRef = E190F61B242929930030B996 /* AppDelegate.swift */; };
		E190F61E242929930030B996 /* SceneDelegate.swift in Sources */ = {isa = PBXBuildFile; fileRef = E190F61D242929930030B996 /* SceneDelegate.swift */; };
		E190F620242929930030B996 /* ContentView.swift in Sources */ = {isa = PBXBuildFile; fileRef = E190F61F242929930030B996 /* ContentView.swift */; };
		E190F622242929940030B996 /* Assets.xcassets in Resources */ = {isa = PBXBuildFile; fileRef = E190F621242929940030B996 /* Assets.xcassets */; };
		E190F625242929940030B996 /* Preview Assets.xcassets in Resources */ = {isa = PBXBuildFile; fileRef = E190F624242929940030B996 /* Preview Assets.xcassets */; };
		E190F628242929940030B996 /* LaunchScreen.storyboard in Resources */ = {isa = PBXBuildFile; fileRef = E190F626242929940030B996 /* LaunchScreen.storyboard */; };
		E190F63524293D470030B996 /* Product Sans Bold.ttf in Resources */ = {isa = PBXBuildFile; fileRef = E190F63124293D470030B996 /* Product Sans Bold.ttf */; };
		E190F63624293D470030B996 /* Product Sans Italic.ttf in Resources */ = {isa = PBXBuildFile; fileRef = E190F63224293D470030B996 /* Product Sans Italic.ttf */; };
		E190F63724293D470030B996 /* Product Sans Regular.ttf in Resources */ = {isa = PBXBuildFile; fileRef = E190F63324293D470030B996 /* Product Sans Regular.ttf */; };
		E190F63824293D470030B996 /* Product Sans Bold Italic.ttf in Resources */ = {isa = PBXBuildFile; fileRef = E190F63424293D470030B996 /* Product Sans Bold Italic.ttf */; };
		E1AD4394282FCE72004BAB77 /* Font+Extension.swift in Sources */ = {isa = PBXBuildFile; fileRef = E1AD4393282FCE72004BAB77 /* Font+Extension.swift */; };
		E1AD4397282FD0F0004BAB77 /* MenuItemType.swift in Sources */ = {isa = PBXBuildFile; fileRef = E1AD4396282FD0F0004BAB77 /* MenuItemType.swift */; };
		E1AD4399282FD1DE004BAB77 /* Color+Extension.swift in Sources */ = {isa = PBXBuildFile; fileRef = E1AD4398282FD1DE004BAB77 /* Color+Extension.swift */; };
		E1AD439C282FD340004BAB77 /* BackgroundView.swift in Sources */ = {isa = PBXBuildFile; fileRef = E1AD439B282FD340004BAB77 /* BackgroundView.swift */; };
		E1AD439E282FD3B8004BAB77 /* MediaTile.swift in Sources */ = {isa = PBXBuildFile; fileRef = E1AD439D282FD3B8004BAB77 /* MediaTile.swift */; };
		E1AD43A0282FD41D004BAB77 /* MainTilesListView.swift in Sources */ = {isa = PBXBuildFile; fileRef = E1AD439F282FD41D004BAB77 /* MainTilesListView.swift */; };
		E1AD43A2282FD453004BAB77 /* RawTilesView.swift in Sources */ = {isa = PBXBuildFile; fileRef = E1AD43A1282FD453004BAB77 /* RawTilesView.swift */; };
		E1AD43A4282FD5A6004BAB77 /* ItemDetailsView.swift in Sources */ = {isa = PBXBuildFile; fileRef = E1AD43A3282FD5A6004BAB77 /* ItemDetailsView.swift */; };
		E1AD43A6282FD703004BAB77 /* MenuButton.swift in Sources */ = {isa = PBXBuildFile; fileRef = E1AD43A5282FD703004BAB77 /* MenuButton.swift */; };
		E1AD43A8282FD740004BAB77 /* NavigationBarView.swift in Sources */ = {isa = PBXBuildFile; fileRef = E1AD43A7282FD740004BAB77 /* NavigationBarView.swift */; };
		E1AD43AC282FEFA2004BAB77 /* RoundedCornersShape.swift in Sources */ = {isa = PBXBuildFile; fileRef = E1AD43AB282FEFA2004BAB77 /* RoundedCornersShape.swift */; };
		E1AD43AE282FF0A8004BAB77 /* Array+Extensions.swift in Sources */ = {isa = PBXBuildFile; fileRef = E1AD43AD282FF0A7004BAB77 /* Array+Extensions.swift */; };
		E1D20060244B7ECB00AC36B7 /* changeSelection.wav in Resources */ = {isa = PBXBuildFile; fileRef = E1D2005F244B7ECB00AC36B7 /* changeSelection.wav */; };
		E1EE2E3A242AA4BD00F952CB /* LiveClockService.swift in Sources */ = {isa = PBXBuildFile; fileRef = E1EE2E39242AA4BD00F952CB /* LiveClockService.swift */; };
		E1FDEBCC24310D0300E9EC63 /* UIAudioService.swift in Sources */ = {isa = PBXBuildFile; fileRef = E1FDEBCB24310D0300E9EC63 /* UIAudioService.swift */; };
		E1FDEBD12431335D00E9EC63 /* MediaItemModel.swift in Sources */ = {isa = PBXBuildFile; fileRef = E1FDEBD02431335D00E9EC63 /* MediaItemModel.swift */; };
/* End PBXBuildFile section */

/* Begin PBXFileReference section */
		E190F618242929930030B996 /* HeliumOS.app */ = {isa = PBXFileReference; explicitFileType = wrapper.application; includeInIndex = 0; path = HeliumOS.app; sourceTree = BUILT_PRODUCTS_DIR; };
		E190F61B242929930030B996 /* AppDelegate.swift */ = {isa = PBXFileReference; lastKnownFileType = sourcecode.swift; path = AppDelegate.swift; sourceTree = "<group>"; };
		E190F61D242929930030B996 /* SceneDelegate.swift */ = {isa = PBXFileReference; lastKnownFileType = sourcecode.swift; path = SceneDelegate.swift; sourceTree = "<group>"; };
		E190F61F242929930030B996 /* ContentView.swift */ = {isa = PBXFileReference; lastKnownFileType = sourcecode.swift; path = ContentView.swift; sourceTree = "<group>"; };
		E190F621242929940030B996 /* Assets.xcassets */ = {isa = PBXFileReference; lastKnownFileType = folder.assetcatalog; path = Assets.xcassets; sourceTree = "<group>"; };
		E190F624242929940030B996 /* Preview Assets.xcassets */ = {isa = PBXFileReference; lastKnownFileType = folder.assetcatalog; path = "Preview Assets.xcassets"; sourceTree = "<group>"; };
		E190F627242929940030B996 /* Base */ = {isa = PBXFileReference; lastKnownFileType = file.storyboard; name = Base; path = Base.lproj/LaunchScreen.storyboard; sourceTree = "<group>"; };
		E190F629242929940030B996 /* Info.plist */ = {isa = PBXFileReference; lastKnownFileType = text.plist.xml; path = Info.plist; sourceTree = "<group>"; };
		E190F63124293D470030B996 /* Product Sans Bold.ttf */ = {isa = PBXFileReference; lastKnownFileType = file; path = "Product Sans Bold.ttf"; sourceTree = "<group>"; };
		E190F63224293D470030B996 /* Product Sans Italic.ttf */ = {isa = PBXFileReference; lastKnownFileType = file; path = "Product Sans Italic.ttf"; sourceTree = "<group>"; };
		E190F63324293D470030B996 /* Product Sans Regular.ttf */ = {isa = PBXFileReference; lastKnownFileType = file; path = "Product Sans Regular.ttf"; sourceTree = "<group>"; };
		E190F63424293D470030B996 /* Product Sans Bold Italic.ttf */ = {isa = PBXFileReference; lastKnownFileType = file; path = "Product Sans Bold Italic.ttf"; sourceTree = "<group>"; };
		E1AD4393282FCE72004BAB77 /* Font+Extension.swift */ = {isa = PBXFileReference; lastKnownFileType = sourcecode.swift; path = "Font+Extension.swift"; sourceTree = "<group>"; };
		E1AD4396282FD0F0004BAB77 /* MenuItemType.swift */ = {isa = PBXFileReference; lastKnownFileType = sourcecode.swift; path = MenuItemType.swift; sourceTree = "<group>"; };
		E1AD4398282FD1DE004BAB77 /* Color+Extension.swift */ = {isa = PBXFileReference; lastKnownFileType = sourcecode.swift; path = "Color+Extension.swift"; sourceTree = "<group>"; };
		E1AD439B282FD340004BAB77 /* BackgroundView.swift */ = {isa = PBXFileReference; lastKnownFileType = sourcecode.swift; path = BackgroundView.swift; sourceTree = "<group>"; };
		E1AD439D282FD3B8004BAB77 /* MediaTile.swift */ = {isa = PBXFileReference; lastKnownFileType = sourcecode.swift; path = MediaTile.swift; sourceTree = "<group>"; };
		E1AD439F282FD41D004BAB77 /* MainTilesListView.swift */ = {isa = PBXFileReference; lastKnownFileType = sourcecode.swift; path = MainTilesListView.swift; sourceTree = "<group>"; };
		E1AD43A1282FD453004BAB77 /* RawTilesView.swift */ = {isa = PBXFileReference; lastKnownFileType = sourcecode.swift; path = RawTilesView.swift; sourceTree = "<group>"; };
		E1AD43A3282FD5A6004BAB77 /* ItemDetailsView.swift */ = {isa = PBXFileReference; lastKnownFileType = sourcecode.swift; path = ItemDetailsView.swift; sourceTree = "<group>"; };
		E1AD43A5282FD703004BAB77 /* MenuButton.swift */ = {isa = PBXFileReference; lastKnownFileType = sourcecode.swift; path = MenuButton.swift; sourceTree = "<group>"; };
		E1AD43A7282FD740004BAB77 /* NavigationBarView.swift */ = {isa = PBXFileReference; lastKnownFileType = sourcecode.swift; path = NavigationBarView.swift; sourceTree = "<group>"; };
		E1AD43AB282FEFA2004BAB77 /* RoundedCornersShape.swift */ = {isa = PBXFileReference; lastKnownFileType = sourcecode.swift; path = RoundedCornersShape.swift; sourceTree = "<group>"; };
		E1AD43AD282FF0A7004BAB77 /* Array+Extensions.swift */ = {isa = PBXFileReference; lastKnownFileType = sourcecode.swift; path = "Array+Extensions.swift"; sourceTree = "<group>"; };
		E1D2005F244B7ECB00AC36B7 /* changeSelection.wav */ = {isa = PBXFileReference; lastKnownFileType = audio.wav; path = changeSelection.wav; sourceTree = "<group>"; };
		E1EE2E39242AA4BD00F952CB /* LiveClockService.swift */ = {isa = PBXFileReference; lastKnownFileType = sourcecode.swift; path = LiveClockService.swift; sourceTree = "<group>"; };
		E1FDEBCB24310D0300E9EC63 /* UIAudioService.swift */ = {isa = PBXFileReference; lastKnownFileType = sourcecode.swift; path = UIAudioService.swift; sourceTree = "<group>"; };
		E1FDEBD02431335D00E9EC63 /* MediaItemModel.swift */ = {isa = PBXFileReference; lastKnownFileType = sourcecode.swift; path = MediaItemModel.swift; sourceTree = "<group>"; };
/* End PBXFileReference section */

/* Begin PBXFrameworksBuildPhase section */
		E190F615242929930030B996 /* Frameworks */ = {
			isa = PBXFrameworksBuildPhase;
			buildActionMask = 2147483647;
			files = (
			);
			runOnlyForDeploymentPostprocessing = 0;
		};
/* End PBXFrameworksBuildPhase section */

/* Begin PBXGroup section */
		E190F60F242929930030B996 = {
			isa = PBXGroup;
			children = (
				E190F61A242929930030B996 /* HeliumOS */,
				E190F619242929930030B996 /* Products */,
			);
			sourceTree = "<group>";
		};
		E190F619242929930030B996 /* Products */ = {
			isa = PBXGroup;
			children = (
				E190F618242929930030B996 /* HeliumOS.app */,
			);
			name = Products;
			sourceTree = "<group>";
		};
		E190F61A242929930030B996 /* HeliumOS */ = {
			isa = PBXGroup;
			children = (
				E190F61B242929930030B996 /* AppDelegate.swift */,
				E190F61D242929930030B996 /* SceneDelegate.swift */,
				E1AD439A282FD339004BAB77 /* Views */,
				E1AD43AA282FEF97004BAB77 /* Shapes */,
				E1FDEBD22431336200E9EC63 /* Models */,
				E1FDEBCD2431122E00E9EC63 /* Services */,
				E1AD4392282FCE61004BAB77 /* Extensions */,
				E1AD4395282FD0E1004BAB77 /* Enums */,
				E1AD4391282FCCA5004BAB77 /* Resources */,
				E190F621242929940030B996 /* Assets.xcassets */,
				E190F626242929940030B996 /* LaunchScreen.storyboard */,
				E190F629242929940030B996 /* Info.plist */,
				E190F623242929940030B996 /* Preview Content */,
			);
			path = HeliumOS;
			sourceTree = "<group>";
		};
		E190F623242929940030B996 /* Preview Content */ = {
			isa = PBXGroup;
			children = (
				E190F624242929940030B996 /* Preview Assets.xcassets */,
			);
			path = "Preview Content";
			sourceTree = "<group>";
		};
		E190F62F24293CE70030B996 /* Fonts */ = {
			isa = PBXGroup;
			children = (
				E190F63424293D470030B996 /* Product Sans Bold Italic.ttf */,
				E190F63124293D470030B996 /* Product Sans Bold.ttf */,
				E190F63224293D470030B996 /* Product Sans Italic.ttf */,
				E190F63324293D470030B996 /* Product Sans Regular.ttf */,
			);
			path = Fonts;
			sourceTree = "<group>";
		};
		E1AD4391282FCCA5004BAB77 /* Resources */ = {
			isa = PBXGroup;
			children = (
				E1E7CF8824390686003FF26E /* Sounds */,
				E190F62F24293CE70030B996 /* Fonts */,
			);
			path = Resources;
			sourceTree = "<group>";
		};
		E1AD4392282FCE61004BAB77 /* Extensions */ = {
			isa = PBXGroup;
			children = (
				E1AD4393282FCE72004BAB77 /* Font+Extension.swift */,
				E1AD4398282FD1DE004BAB77 /* Color+Extension.swift */,
				E1AD43AD282FF0A7004BAB77 /* Array+Extensions.swift */,
			);
			path = Extensions;
			sourceTree = "<group>";
		};
		E1AD4395282FD0E1004BAB77 /* Enums */ = {
			isa = PBXGroup;
			children = (
				E1AD4396282FD0F0004BAB77 /* MenuItemType.swift */,
			);
			path = Enums;
			sourceTree = "<group>";
		};
		E1AD439A282FD339004BAB77 /* Views */ = {
			isa = PBXGroup;
			children = (
				E1AD43A9282FD83D004BAB77 /* Buttons */,
				E190F61F242929930030B996 /* ContentView.swift */,
				E1AD439B282FD340004BAB77 /* BackgroundView.swift */,
				E1AD439D282FD3B8004BAB77 /* MediaTile.swift */,
				E1AD439F282FD41D004BAB77 /* MainTilesListView.swift */,
				E1AD43A1282FD453004BAB77 /* RawTilesView.swift */,
				E1AD43A3282FD5A6004BAB77 /* ItemDetailsView.swift */,
				E1AD43A7282FD740004BAB77 /* NavigationBarView.swift */,
			);
			path = Views;
			sourceTree = "<group>";
		};
		E1AD43A9282FD83D004BAB77 /* Buttons */ = {
			isa = PBXGroup;
			children = (
				E1AD43A5282FD703004BAB77 /* MenuButton.swift */,
			);
			path = Buttons;
			sourceTree = "<group>";
		};
		E1AD43AA282FEF97004BAB77 /* Shapes */ = {
			isa = PBXGroup;
			children = (
				E1AD43AB282FEFA2004BAB77 /* RoundedCornersShape.swift */,
			);
			path = Shapes;
			sourceTree = "<group>";
		};
		E1E7CF8824390686003FF26E /* Sounds */ = {
			isa = PBXGroup;
			children = (
				E1D2005F244B7ECB00AC36B7 /* changeSelection.wav */,
			);
			path = Sounds;
			sourceTree = "<group>";
		};
		E1FDEBCD2431122E00E9EC63 /* Services */ = {
			isa = PBXGroup;
			children = (
				E1EE2E39242AA4BD00F952CB /* LiveClockService.swift */,
				E1FDEBCB24310D0300E9EC63 /* UIAudioService.swift */,
			);
			path = Services;
			sourceTree = "<group>";
		};
		E1FDEBD22431336200E9EC63 /* Models */ = {
			isa = PBXGroup;
			children = (
				E1FDEBD02431335D00E9EC63 /* MediaItemModel.swift */,
			);
			path = Models;
			sourceTree = "<group>";
		};
/* End PBXGroup section */

/* Begin PBXNativeTarget section */
		E190F617242929930030B996 /* HeliumOS */ = {
			isa = PBXNativeTarget;
			buildConfigurationList = E190F62C242929940030B996 /* Build configuration list for PBXNativeTarget "HeliumOS" */;
			buildPhases = (
				E190F614242929930030B996 /* Sources */,
				E190F615242929930030B996 /* Frameworks */,
				E190F616242929930030B996 /* Resources */,
			);
			buildRules = (
			);
			dependencies = (
			);
			name = HeliumOS;
			productName = HeliumOS;
			productReference = E190F618242929930030B996 /* HeliumOS.app */;
			productType = "com.apple.product-type.application";
		};
/* End PBXNativeTarget section */

/* Begin PBXProject section */
		E190F610242929930030B996 /* Project object */ = {
			isa = PBXProject;
			attributes = {
				LastSwiftUpdateCheck = 1130;
				LastUpgradeCheck = 1130;
				ORGANIZATIONNAME = "Tobiasz Dobrowolski";
				TargetAttributes = {
					E190F617242929930030B996 = {
						CreatedOnToolsVersion = 11.3.1;
					};
				};
			};
			buildConfigurationList = E190F613242929930030B996 /* Build configuration list for PBXProject "HeliumOS" */;
			compatibilityVersion = "Xcode 9.3";
			developmentRegion = en;
			hasScannedForEncodings = 0;
			knownRegions = (
				en,
				Base,
			);
			mainGroup = E190F60F242929930030B996;
			productRefGroup = E190F619242929930030B996 /* Products */;
			projectDirPath = "";
			projectRoot = "";
			targets = (
				E190F617242929930030B996 /* HeliumOS */,
			);
		};
/* End PBXProject section */

/* Begin PBXResourcesBuildPhase section */
		E190F616242929930030B996 /* Resources */ = {
			isa = PBXResourcesBuildPhase;
			buildActionMask = 2147483647;
			files = (
				E190F63824293D470030B996 /* Product Sans Bold Italic.ttf in Resources */,
				E190F63524293D470030B996 /* Product Sans Bold.ttf in Resources */,
				E190F628242929940030B996 /* LaunchScreen.storyboard in Resources */,
				E190F63724293D470030B996 /* Product Sans Regular.ttf in Resources */,
				E1D20060244B7ECB00AC36B7 /* changeSelection.wav in Resources */,
				E190F63624293D470030B996 /* Product Sans Italic.ttf in Resources */,
				E190F625242929940030B996 /* Preview Assets.xcassets in Resources */,
				E190F622242929940030B996 /* Assets.xcassets in Resources */,
			);
			runOnlyForDeploymentPostprocessing = 0;
		};
/* End PBXResourcesBuildPhase section */

/* Begin PBXSourcesBuildPhase section */
		E190F614242929930030B996 /* Sources */ = {
			isa = PBXSourcesBuildPhase;
			buildActionMask = 2147483647;
			files = (
				E1AD43AC282FEFA2004BAB77 /* RoundedCornersShape.swift in Sources */,
				E1AD43AE282FF0A8004BAB77 /* Array+Extensions.swift in Sources */,
				E1AD43A4282FD5A6004BAB77 /* ItemDetailsView.swift in Sources */,
				E190F61C242929930030B996 /* AppDelegate.swift in Sources */,
				E1FDEBCC24310D0300E9EC63 /* UIAudioService.swift in Sources */,
				E1AD439E282FD3B8004BAB77 /* MediaTile.swift in Sources */,
				E190F61E242929930030B996 /* SceneDelegate.swift in Sources */,
				E1EE2E3A242AA4BD00F952CB /* LiveClockService.swift in Sources */,
				E1AD43A2282FD453004BAB77 /* RawTilesView.swift in Sources */,
				E1AD43A8282FD740004BAB77 /* NavigationBarView.swift in Sources */,
				E1AD4394282FCE72004BAB77 /* Font+Extension.swift in Sources */,
				E1AD43A6282FD703004BAB77 /* MenuButton.swift in Sources */,
				E1AD43A0282FD41D004BAB77 /* MainTilesListView.swift in Sources */,
				E1AD439C282FD340004BAB77 /* BackgroundView.swift in Sources */,
				E190F620242929930030B996 /* ContentView.swift in Sources */,
				E1AD4397282FD0F0004BAB77 /* MenuItemType.swift in Sources */,
				E1FDEBD12431335D00E9EC63 /* MediaItemModel.swift in Sources */,
				E1AD4399282FD1DE004BAB77 /* Color+Extension.swift in Sources */,
			);
			runOnlyForDeploymentPostprocessing = 0;
		};
/* End PBXSourcesBuildPhase section */

/* Begin PBXVariantGroup section */
		E190F626242929940030B996 /* LaunchScreen.storyboard */ = {
			isa = PBXVariantGroup;
			children = (
				E190F627242929940030B996 /* Base */,
			);
			name = LaunchScreen.storyboard;
			sourceTree = "<group>";
		};
/* End PBXVariantGroup section */

/* Begin XCBuildConfiguration section */
		E190F62A242929940030B996 /* Debug */ = {
			isa = XCBuildConfiguration;
			buildSettings = {
				ALWAYS_SEARCH_USER_PATHS = NO;
				CLANG_ANALYZER_NONNULL = YES;
				CLANG_ANALYZER_NUMBER_OBJECT_CONVERSION = YES_AGGRESSIVE;
				CLANG_CXX_LANGUAGE_STANDARD = "gnu++14";
				CLANG_CXX_LIBRARY = "libc++";
				CLANG_ENABLE_MODULES = YES;
				CLANG_ENABLE_OBJC_ARC = YES;
				CLANG_ENABLE_OBJC_WEAK = YES;
				CLANG_WARN_BLOCK_CAPTURE_AUTORELEASING = YES;
				CLANG_WARN_BOOL_CONVERSION = YES;
				CLANG_WARN_COMMA = YES;
				CLANG_WARN_CONSTANT_CONVERSION = YES;
				CLANG_WARN_DEPRECATED_OBJC_IMPLEMENTATIONS = YES;
				CLANG_WARN_DIRECT_OBJC_ISA_USAGE = YES_ERROR;
				CLANG_WARN_DOCUMENTATION_COMMENTS = YES;
				CLANG_WARN_EMPTY_BODY = YES;
				CLANG_WARN_ENUM_CONVERSION = YES;
				CLANG_WARN_INFINITE_RECURSION = YES;
				CLANG_WARN_INT_CONVERSION = YES;
				CLANG_WARN_NON_LITERAL_NULL_CONVERSION = YES;
				CLANG_WARN_OBJC_IMPLICIT_RETAIN_SELF = YES;
				CLANG_WARN_OBJC_LITERAL_CONVERSION = YES;
				CLANG_WARN_OBJC_ROOT_CLASS = YES_ERROR;
				CLANG_WARN_RANGE_LOOP_ANALYSIS = YES;
				CLANG_WARN_STRICT_PROTOTYPES = YES;
				CLANG_WARN_SUSPICIOUS_MOVE = YES;
				CLANG_WARN_UNGUARDED_AVAILABILITY = YES_AGGRESSIVE;
				CLANG_WARN_UNREACHABLE_CODE = YES;
				CLANG_WARN__DUPLICATE_METHOD_MATCH = YES;
				COPY_PHASE_STRIP = NO;
				DEBUG_INFORMATION_FORMAT = dwarf;
				ENABLE_STRICT_OBJC_MSGSEND = YES;
				ENABLE_TESTABILITY = YES;
				GCC_C_LANGUAGE_STANDARD = gnu11;
				GCC_DYNAMIC_NO_PIC = NO;
				GCC_NO_COMMON_BLOCKS = YES;
				GCC_OPTIMIZATION_LEVEL = 0;
				GCC_PREPROCESSOR_DEFINITIONS = (
					"DEBUG=1",
					"$(inherited)",
				);
				GCC_WARN_64_TO_32_BIT_CONVERSION = YES;
				GCC_WARN_ABOUT_RETURN_TYPE = YES_ERROR;
				GCC_WARN_UNDECLARED_SELECTOR = YES;
				GCC_WARN_UNINITIALIZED_AUTOS = YES_AGGRESSIVE;
				GCC_WARN_UNUSED_FUNCTION = YES;
				GCC_WARN_UNUSED_VARIABLE = YES;
				IPHONEOS_DEPLOYMENT_TARGET = 13.2;
				MTL_ENABLE_DEBUG_INFO = INCLUDE_SOURCE;
				MTL_FAST_MATH = YES;
				ONLY_ACTIVE_ARCH = YES;
				SDKROOT = iphoneos;
				SWIFT_ACTIVE_COMPILATION_CONDITIONS = DEBUG;
				SWIFT_OPTIMIZATION_LEVEL = "-Onone";
			};
			name = Debug;
		};
		E190F62B242929940030B996 /* Release */ = {
			isa = XCBuildConfiguration;
			buildSettings = {
				ALWAYS_SEARCH_USER_PATHS = NO;
				CLANG_ANALYZER_NONNULL = YES;
				CLANG_ANALYZER_NUMBER_OBJECT_CONVERSION = YES_AGGRESSIVE;
				CLANG_CXX_LANGUAGE_STANDARD = "gnu++14";
				CLANG_CXX_LIBRARY = "libc++";
				CLANG_ENABLE_MODULES = YES;
				CLANG_ENABLE_OBJC_ARC = YES;
				CLANG_ENABLE_OBJC_WEAK = YES;
				CLANG_WARN_BLOCK_CAPTURE_AUTORELEASING = YES;
				CLANG_WARN_BOOL_CONVERSION = YES;
				CLANG_WARN_COMMA = YES;
				CLANG_WARN_CONSTANT_CONVERSION = YES;
				CLANG_WARN_DEPRECATED_OBJC_IMPLEMENTATIONS = YES;
				CLANG_WARN_DIRECT_OBJC_ISA_USAGE = YES_ERROR;
				CLANG_WARN_DOCUMENTATION_COMMENTS = YES;
				CLANG_WARN_EMPTY_BODY = YES;
				CLANG_WARN_ENUM_CONVERSION = YES;
				CLANG_WARN_INFINITE_RECURSION = YES;
				CLANG_WARN_INT_CONVERSION = YES;
				CLANG_WARN_NON_LITERAL_NULL_CONVERSION = YES;
				CLANG_WARN_OBJC_IMPLICIT_RETAIN_SELF = YES;
				CLANG_WARN_OBJC_LITERAL_CONVERSION = YES;
				CLANG_WARN_OBJC_ROOT_CLASS = YES_ERROR;
				CLANG_WARN_RANGE_LOOP_ANALYSIS = YES;
				CLANG_WARN_STRICT_PROTOTYPES = YES;
				CLANG_WARN_SUSPICIOUS_MOVE = YES;
				CLANG_WARN_UNGUARDED_AVAILABILITY = YES_AGGRESSIVE;
				CLANG_WARN_UNREACHABLE_CODE = YES;
				CLANG_WARN__DUPLICATE_METHOD_MATCH = YES;
				COPY_PHASE_STRIP = NO;
				DEBUG_INFORMATION_FORMAT = "dwarf-with-dsym";
				ENABLE_NS_ASSERTIONS = NO;
				ENABLE_STRICT_OBJC_MSGSEND = YES;
				GCC_C_LANGUAGE_STANDARD = gnu11;
				GCC_NO_COMMON_BLOCKS = YES;
				GCC_WARN_64_TO_32_BIT_CONVERSION = YES;
				GCC_WARN_ABOUT_RETURN_TYPE = YES_ERROR;
				GCC_WARN_UNDECLARED_SELECTOR = YES;
				GCC_WARN_UNINITIALIZED_AUTOS = YES_AGGRESSIVE;
				GCC_WARN_UNUSED_FUNCTION = YES;
				GCC_WARN_UNUSED_VARIABLE = YES;
				IPHONEOS_DEPLOYMENT_TARGET = 13.2;
				MTL_ENABLE_DEBUG_INFO = NO;
				MTL_FAST_MATH = YES;
				SDKROOT = iphoneos;
				SWIFT_COMPILATION_MODE = wholemodule;
				SWIFT_OPTIMIZATION_LEVEL = "-O";
				VALIDATE_PRODUCT = YES;
			};
			name = Release;
		};
		E190F62D242929940030B996 /* Debug */ = {
			isa = XCBuildConfiguration;
			buildSettings = {
				ASSETCATALOG_COMPILER_APPICON_NAME = AppIcon;
				CODE_SIGN_STYLE = Automatic;
				DEVELOPMENT_ASSET_PATHS = "\"HeliumOS/Preview Content\"";
				DEVELOPMENT_TEAM = V9858W9DAL;
				ENABLE_PREVIEWS = YES;
				INFOPLIST_FILE = HeliumOS/Info.plist;
				IPHONEOS_DEPLOYMENT_TARGET = 15.0;
				LD_RUNPATH_SEARCH_PATHS = (
					"$(inherited)",
					"@executable_path/Frameworks",
				);
				PRODUCT_BUNDLE_IDENTIFIER = com.infinity.HeliumOS;
				PRODUCT_NAME = "$(TARGET_NAME)";
				SWIFT_VERSION = 5.0;
				TARGETED_DEVICE_FAMILY = 2;
			};
			name = Debug;
		};
		E190F62E242929940030B996 /* Release */ = {
			isa = XCBuildConfiguration;
			buildSettings = {
				ASSETCATALOG_COMPILER_APPICON_NAME = AppIcon;
				CODE_SIGN_STYLE = Automatic;
				DEVELOPMENT_ASSET_PATHS = "\"HeliumOS/Preview Content\"";
				DEVELOPMENT_TEAM = V9858W9DAL;
				ENABLE_PREVIEWS = YES;
				INFOPLIST_FILE = HeliumOS/Info.plist;
				IPHONEOS_DEPLOYMENT_TARGET = 15.0;
				LD_RUNPATH_SEARCH_PATHS = (
					"$(inherited)",
					"@executable_path/Frameworks",
				);
				PRODUCT_BUNDLE_IDENTIFIER = com.infinity.HeliumOS;
				PRODUCT_NAME = "$(TARGET_NAME)";
				SWIFT_VERSION = 5.0;
				TARGETED_DEVICE_FAMILY = 2;
			};
			name = Release;
		};
/* End XCBuildConfiguration section */

/* Begin XCConfigurationList section */
		E190F613242929930030B996 /* Build configuration list for PBXProject "HeliumOS" */ = {
			isa = XCConfigurationList;
			buildConfigurations = (
				E190F62A242929940030B996 /* Debug */,
				E190F62B242929940030B996 /* Release */,
			);
			defaultConfigurationIsVisible = 0;
			defaultConfigurationName = Release;
		};
		E190F62C242929940030B996 /* Build configuration list for PBXNativeTarget "HeliumOS" */ = {
			isa = XCConfigurationList;
			buildConfigurations = (
				E190F62D242929940030B996 /* Debug */,
				E190F62E242929940030B996 /* Release */,
			);
			defaultConfigurationIsVisible = 0;
			defaultConfigurationName = Release;
		};
/* End XCConfigurationList section */
	};
	rootObject = E190F610242929930030B996 /* Project object */;
}
