// !$*UTF8*$!
{
	archiveVersion = 1;
	classes = {
	};
	objectVersion = 50;
	objects = {

/* Begin PBXBuildFile section */
		563D2BFF2B8673760035620D /* coldplay.mp4 in Resources */ = {isa = PBXBuildFile; fileRef = 563D2BFE2B8673760035620D /* coldplay.mp4 */; };
		563D2C022B8679590035620D /* BootView.swift in Sources */ = {isa = PBXBuildFile; fileRef = 563D2C012B8679590035620D /* BootView.swift */; };
		563D2C042B8685C30035620D /* AnimationConstants.swift in Sources */ = {isa = PBXBuildFile; fileRef = 563D2C032B8685C30035620D /* AnimationConstants.swift */; };
		563D2C072B8688F00035620D /* RootView.swift in Sources */ = {isa = PBXBuildFile; fileRef = 563D2C062B8688F00035620D /* RootView.swift */; };
		563D2C092B8689070035620D /* RootViewModel.swift in Sources */ = {isa = PBXBuildFile; fileRef = 563D2C082B8689070035620D /* RootViewModel.swift */; };
		565B361F2B7E9A17002D54DC /* Colors.xcassets in Resources */ = {isa = PBXBuildFile; fileRef = 565B361E2B7E9A17002D54DC /* Colors.xcassets */; };
		565B36212B7E9BAE002D54DC /* FileExtension.swift in Sources */ = {isa = PBXBuildFile; fileRef = 565B36202B7E9BAE002D54DC /* FileExtension.swift */; };
		565B36232B7E9C27002D54DC /* VisualContentModel.swift in Sources */ = {isa = PBXBuildFile; fileRef = 565B36222B7E9C27002D54DC /* VisualContentModel.swift */; };
		565B36252B7E9C58002D54DC /* GameMediaItemModel.swift in Sources */ = {isa = PBXBuildFile; fileRef = 565B36242B7E9C58002D54DC /* GameMediaItemModel.swift */; };
		565B36272B7E9C73002D54DC /* MusicMediaItemModel.swift in Sources */ = {isa = PBXBuildFile; fileRef = 565B36262B7E9C73002D54DC /* MusicMediaItemModel.swift */; };
		565B36292B7E9C86002D54DC /* MovieMediaItemModel.swift in Sources */ = {isa = PBXBuildFile; fileRef = 565B36282B7E9C86002D54DC /* MovieMediaItemModel.swift */; };
		565B362D2B7EBE38002D54DC /* justice.mov in Resources */ = {isa = PBXBuildFile; fileRef = 565B362C2B7EBE38002D54DC /* justice.mov */; };
		56B2918B2B7D5490000C6460 /* PlayerContainerView.swift in Sources */ = {isa = PBXBuildFile; fileRef = 56B2918A2B7D5490000C6460 /* PlayerContainerView.swift */; };
		56B2918E2B7D5514000C6460 /* VideoViewModel.swift in Sources */ = {isa = PBXBuildFile; fileRef = 56B2918D2B7D5514000C6460 /* VideoViewModel.swift */; };
		56E6A3CA2B72E7F900C86E09 /* VideoView.swift in Sources */ = {isa = PBXBuildFile; fileRef = 56E6A3C92B72E7F900C86E09 /* VideoView.swift */; };
		E17CBE792B6AB9DA002A7253 /* ActionButtonStyle.swift in Sources */ = {isa = PBXBuildFile; fileRef = E17CBE782B6AB9DA002A7253 /* ActionButtonStyle.swift */; };
		E187BC6C2B658CB6007F989F /* LiveClockService.swift in Sources */ = {isa = PBXBuildFile; fileRef = E187BC6B2B658CB6007F989F /* LiveClockService.swift */; };
		E187BC702B65A7ED007F989F /* CalSans-Semibold.otf in Resources */ = {isa = PBXBuildFile; fileRef = E187BC6F2B65A7ED007F989F /* CalSans-Semibold.otf */; };
		E187BC992B65AC14007F989F /* FigtreeWeight.swift in Sources */ = {isa = PBXBuildFile; fileRef = E187BC982B65AC14007F989F /* FigtreeWeight.swift */; };
		E187BC9D2B65AC21007F989F /* CalSansWeight.swift in Sources */ = {isa = PBXBuildFile; fileRef = E187BC9C2B65AC21007F989F /* CalSansWeight.swift */; };
		E187BC9E2B65AE63007F989F /* Figtree-Regular.ttf in Resources */ = {isa = PBXBuildFile; fileRef = E187BC942B65AB57007F989F /* Figtree-Regular.ttf */; };
		E187BC9F2B65AE63007F989F /* Figtree-Light.ttf in Resources */ = {isa = PBXBuildFile; fileRef = E187BC8F2B65AB57007F989F /* Figtree-Light.ttf */; };
		E187BCA02B65AE63007F989F /* Figtree-Black.ttf in Resources */ = {isa = PBXBuildFile; fileRef = E187BC8E2B65AB57007F989F /* Figtree-Black.ttf */; };
		E187BCA12B65AE63007F989F /* Figtree-Medium.ttf in Resources */ = {isa = PBXBuildFile; fileRef = E187BC892B65AB56007F989F /* Figtree-Medium.ttf */; };
		E187BCA22B65AE63007F989F /* Figtree-Extrabold.ttf in Resources */ = {isa = PBXBuildFile; fileRef = E187BC932B65AB57007F989F /* Figtree-Extrabold.ttf */; };
		E187BCA32B65AE63007F989F /* Figtree-Bold.ttf in Resources */ = {isa = PBXBuildFile; fileRef = E187BC8A2B65AB57007F989F /* Figtree-Bold.ttf */; };
		E187BCA42B65AE63007F989F /* Figtree-Semibold.ttf in Resources */ = {isa = PBXBuildFile; fileRef = E187BC8B2B65AB57007F989F /* Figtree-Semibold.ttf */; };
		E187BCA62B65BC18007F989F /* MainLayoutConstants.swift in Sources */ = {isa = PBXBuildFile; fileRef = E187BCA52B65BC18007F989F /* MainLayoutConstants.swift */; };
		E187BCA92B66DBDD007F989F /* XAxisMoveModifier.swift in Sources */ = {isa = PBXBuildFile; fileRef = E187BCA82B66DBDD007F989F /* XAxisMoveModifier.swift */; };
		E190F61C242929930030B996 /* AppDelegate.swift in Sources */ = {isa = PBXBuildFile; fileRef = E190F61B242929930030B996 /* AppDelegate.swift */; };
		E190F61E242929930030B996 /* SceneDelegate.swift in Sources */ = {isa = PBXBuildFile; fileRef = E190F61D242929930030B996 /* SceneDelegate.swift */; };
		E190F622242929940030B996 /* Images.xcassets in Resources */ = {isa = PBXBuildFile; fileRef = E190F621242929940030B996 /* Images.xcassets */; };
		E190F625242929940030B996 /* Preview Assets.xcassets in Resources */ = {isa = PBXBuildFile; fileRef = E190F624242929940030B996 /* Preview Assets.xcassets */; };
		E190F628242929940030B996 /* LaunchScreen.storyboard in Resources */ = {isa = PBXBuildFile; fileRef = E190F626242929940030B996 /* LaunchScreen.storyboard */; };
		E1AB38952BD32320009D99EE /* HomeControllerActionType.swift in Sources */ = {isa = PBXBuildFile; fileRef = E1AB38942BD32320009D99EE /* HomeControllerActionType.swift */; };
		E1ACA4732BD3046100125426 /* ControllerInputType.swift in Sources */ = {isa = PBXBuildFile; fileRef = E1ACA4722BD3046100125426 /* ControllerInputType.swift */; };
		E1ACA4752BD3098A00125426 /* UIImage+Extension.swift in Sources */ = {isa = PBXBuildFile; fileRef = E1ACA4742BD3098A00125426 /* UIImage+Extension.swift */; };
		E1ACA4772BD309BA00125426 /* UIColor+Extension.swift in Sources */ = {isa = PBXBuildFile; fileRef = E1ACA4762BD309BA00125426 /* UIColor+Extension.swift */; };
		E1ACA4792BD309D500125426 /* CHHapticEventParameter+Extension.swift in Sources */ = {isa = PBXBuildFile; fileRef = E1ACA4782BD309D500125426 /* CHHapticEventParameter+Extension.swift */; };
		E1AD4394282FCE72004BAB77 /* Font+Extension.swift in Sources */ = {isa = PBXBuildFile; fileRef = E1AD4393282FCE72004BAB77 /* Font+Extension.swift */; };
		E1AD4397282FD0F0004BAB77 /* MenuItemType.swift in Sources */ = {isa = PBXBuildFile; fileRef = E1AD4396282FD0F0004BAB77 /* MenuItemType.swift */; };
		E1AD439C282FD340004BAB77 /* BackgroundView.swift in Sources */ = {isa = PBXBuildFile; fileRef = E1AD439B282FD340004BAB77 /* BackgroundView.swift */; };
		E1AD439E282FD3B8004BAB77 /* MediaTileView.swift in Sources */ = {isa = PBXBuildFile; fileRef = E1AD439D282FD3B8004BAB77 /* MediaTileView.swift */; };
		E1AD43A0282FD41D004BAB77 /* MainTilesListView.swift in Sources */ = {isa = PBXBuildFile; fileRef = E1AD439F282FD41D004BAB77 /* MainTilesListView.swift */; };
		E1AD43A4282FD5A6004BAB77 /* ItemDetailsView.swift in Sources */ = {isa = PBXBuildFile; fileRef = E1AD43A3282FD5A6004BAB77 /* ItemDetailsView.swift */; };
		E1AD43A6282FD703004BAB77 /* MenuButton.swift in Sources */ = {isa = PBXBuildFile; fileRef = E1AD43A5282FD703004BAB77 /* MenuButton.swift */; };
		E1AD43A8282FD740004BAB77 /* NavigationView.swift in Sources */ = {isa = PBXBuildFile; fileRef = E1AD43A7282FD740004BAB77 /* NavigationView.swift */; };
		E1AD43AC282FEFA2004BAB77 /* RoundedCornersShape.swift in Sources */ = {isa = PBXBuildFile; fileRef = E1AD43AB282FEFA2004BAB77 /* RoundedCornersShape.swift */; };
		E1AD43AE282FF0A8004BAB77 /* Array+Extension.swift in Sources */ = {isa = PBXBuildFile; fileRef = E1AD43AD282FF0A7004BAB77 /* Array+Extension.swift */; };
		E1B9E3C02B656CEF00163EDD /* HomeViewModel.swift in Sources */ = {isa = PBXBuildFile; fileRef = E1B9E3BF2B656CEF00163EDD /* HomeViewModel.swift */; };
		E1B9E3C42B65712D00163EDD /* String+Extension.swift in Sources */ = {isa = PBXBuildFile; fileRef = E1B9E3C32B65712D00163EDD /* String+Extension.swift */; };
		E1B9E3C62B6576D800163EDD /* GameGenreType.swift in Sources */ = {isa = PBXBuildFile; fileRef = E1B9E3C52B6576D800163EDD /* GameGenreType.swift */; };
		E1B9E3C82B6576E800163EDD /* MusicGenreType.swift in Sources */ = {isa = PBXBuildFile; fileRef = E1B9E3C72B6576E800163EDD /* MusicGenreType.swift */; };
		E1B9E3CA2B6576EF00163EDD /* MovieGenreType.swift in Sources */ = {isa = PBXBuildFile; fileRef = E1B9E3C92B6576EF00163EDD /* MovieGenreType.swift */; };
		E1B9E3CC2B65771600163EDD /* MediaType.swift in Sources */ = {isa = PBXBuildFile; fileRef = E1B9E3CB2B65771600163EDD /* MediaType.swift */; };
		E1B9E3CE2B65772D00163EDD /* MediaItemProtocol.swift in Sources */ = {isa = PBXBuildFile; fileRef = E1B9E3CD2B65772D00163EDD /* MediaItemProtocol.swift */; };
		E1B9E3D12B65801500163EDD /* MediaRepository.swift in Sources */ = {isa = PBXBuildFile; fileRef = E1B9E3D02B65801500163EDD /* MediaRepository.swift */; };
		E1B9E3D32B6580A500163EDD /* HomeView.swift in Sources */ = {isa = PBXBuildFile; fileRef = E1B9E3D22B6580A500163EDD /* HomeView.swift */; };
		E1C67F1A2BCF0A8D00523C3D /* GameControllerService.swift in Sources */ = {isa = PBXBuildFile; fileRef = E1C67F192BCF0A8D00523C3D /* GameControllerService.swift */; };
		E1D20060244B7ECB00AC36B7 /* changeSelection.wav in Resources */ = {isa = PBXBuildFile; fileRef = E1D2005F244B7ECB00AC36B7 /* changeSelection.wav */; };
		E1E5FEE52B684EA800F1F8D6 /* ActionButton.swift in Sources */ = {isa = PBXBuildFile; fileRef = E1E5FEE42B684EA800F1F8D6 /* ActionButton.swift */; };
		E1FDEBCC24310D0300E9EC63 /* UIAudioService.swift in Sources */ = {isa = PBXBuildFile; fileRef = E1FDEBCB24310D0300E9EC63 /* UIAudioService.swift */; };
		E1FDEBD12431335D00E9EC63 /* MediaItemModel.swift in Sources */ = {isa = PBXBuildFile; fileRef = E1FDEBD02431335D00E9EC63 /* MediaItemModel.swift */; };
/* End PBXBuildFile section */

/* Begin PBXFileReference section */
		563D2BFE2B8673760035620D /* coldplay.mp4 */ = {isa = PBXFileReference; lastKnownFileType = file; path = coldplay.mp4; sourceTree = "<group>"; };
		563D2C012B8679590035620D /* BootView.swift */ = {isa = PBXFileReference; lastKnownFileType = sourcecode.swift; path = BootView.swift; sourceTree = "<group>"; };
		563D2C032B8685C30035620D /* AnimationConstants.swift */ = {isa = PBXFileReference; lastKnownFileType = sourcecode.swift; path = AnimationConstants.swift; sourceTree = "<group>"; };
		563D2C062B8688F00035620D /* RootView.swift */ = {isa = PBXFileReference; lastKnownFileType = sourcecode.swift; path = RootView.swift; sourceTree = "<group>"; };
		563D2C082B8689070035620D /* RootViewModel.swift */ = {isa = PBXFileReference; lastKnownFileType = sourcecode.swift; path = RootViewModel.swift; sourceTree = "<group>"; };
		565B361E2B7E9A17002D54DC /* Colors.xcassets */ = {isa = PBXFileReference; lastKnownFileType = folder.assetcatalog; path = Colors.xcassets; sourceTree = "<group>"; };
		565B36202B7E9BAE002D54DC /* FileExtension.swift */ = {isa = PBXFileReference; lastKnownFileType = sourcecode.swift; path = FileExtension.swift; sourceTree = "<group>"; };
		565B36222B7E9C27002D54DC /* VisualContentModel.swift */ = {isa = PBXFileReference; lastKnownFileType = sourcecode.swift; path = VisualContentModel.swift; sourceTree = "<group>"; };
		565B36242B7E9C58002D54DC /* GameMediaItemModel.swift */ = {isa = PBXFileReference; lastKnownFileType = sourcecode.swift; path = GameMediaItemModel.swift; sourceTree = "<group>"; };
		565B36262B7E9C73002D54DC /* MusicMediaItemModel.swift */ = {isa = PBXFileReference; lastKnownFileType = sourcecode.swift; path = MusicMediaItemModel.swift; sourceTree = "<group>"; };
		565B36282B7E9C86002D54DC /* MovieMediaItemModel.swift */ = {isa = PBXFileReference; lastKnownFileType = sourcecode.swift; path = MovieMediaItemModel.swift; sourceTree = "<group>"; };
		565B362C2B7EBE38002D54DC /* justice.mov */ = {isa = PBXFileReference; lastKnownFileType = video.quicktime; path = justice.mov; sourceTree = "<group>"; };
		56B2918A2B7D5490000C6460 /* PlayerContainerView.swift */ = {isa = PBXFileReference; lastKnownFileType = sourcecode.swift; path = PlayerContainerView.swift; sourceTree = "<group>"; };
		56B2918D2B7D5514000C6460 /* VideoViewModel.swift */ = {isa = PBXFileReference; lastKnownFileType = sourcecode.swift; path = VideoViewModel.swift; sourceTree = "<group>"; };
		56E6A3C92B72E7F900C86E09 /* VideoView.swift */ = {isa = PBXFileReference; lastKnownFileType = sourcecode.swift; path = VideoView.swift; sourceTree = "<group>"; };
		E17CBE782B6AB9DA002A7253 /* ActionButtonStyle.swift */ = {isa = PBXFileReference; lastKnownFileType = sourcecode.swift; path = ActionButtonStyle.swift; sourceTree = "<group>"; };
		E187BC6B2B658CB6007F989F /* LiveClockService.swift */ = {isa = PBXFileReference; fileEncoding = 4; lastKnownFileType = sourcecode.swift; path = LiveClockService.swift; sourceTree = "<group>"; };
		E187BC6F2B65A7ED007F989F /* CalSans-Semibold.otf */ = {isa = PBXFileReference; lastKnownFileType = file; path = "CalSans-Semibold.otf"; sourceTree = "<group>"; };
		E187BC892B65AB56007F989F /* Figtree-Medium.ttf */ = {isa = PBXFileReference; lastKnownFileType = file; path = "Figtree-Medium.ttf"; sourceTree = "<group>"; };
		E187BC8A2B65AB57007F989F /* Figtree-Bold.ttf */ = {isa = PBXFileReference; lastKnownFileType = file; path = "Figtree-Bold.ttf"; sourceTree = "<group>"; };
		E187BC8B2B65AB57007F989F /* Figtree-Semibold.ttf */ = {isa = PBXFileReference; lastKnownFileType = file; path = "Figtree-Semibold.ttf"; sourceTree = "<group>"; };
		E187BC8E2B65AB57007F989F /* Figtree-Black.ttf */ = {isa = PBXFileReference; lastKnownFileType = file; path = "Figtree-Black.ttf"; sourceTree = "<group>"; };
		E187BC8F2B65AB57007F989F /* Figtree-Light.ttf */ = {isa = PBXFileReference; lastKnownFileType = file; path = "Figtree-Light.ttf"; sourceTree = "<group>"; };
		E187BC932B65AB57007F989F /* Figtree-Extrabold.ttf */ = {isa = PBXFileReference; lastKnownFileType = file; path = "Figtree-Extrabold.ttf"; sourceTree = "<group>"; };
		E187BC942B65AB57007F989F /* Figtree-Regular.ttf */ = {isa = PBXFileReference; lastKnownFileType = file; path = "Figtree-Regular.ttf"; sourceTree = "<group>"; };
		E187BC982B65AC14007F989F /* FigtreeWeight.swift */ = {isa = PBXFileReference; lastKnownFileType = sourcecode.swift; path = FigtreeWeight.swift; sourceTree = "<group>"; };
		E187BC9C2B65AC21007F989F /* CalSansWeight.swift */ = {isa = PBXFileReference; lastKnownFileType = sourcecode.swift; path = CalSansWeight.swift; sourceTree = "<group>"; };
		E187BCA52B65BC18007F989F /* MainLayoutConstants.swift */ = {isa = PBXFileReference; lastKnownFileType = sourcecode.swift; path = MainLayoutConstants.swift; sourceTree = "<group>"; };
		E187BCA82B66DBDD007F989F /* XAxisMoveModifier.swift */ = {isa = PBXFileReference; lastKnownFileType = sourcecode.swift; path = XAxisMoveModifier.swift; sourceTree = "<group>"; };
		E190F618242929930030B996 /* HeliumOS.app */ = {isa = PBXFileReference; explicitFileType = wrapper.application; includeInIndex = 0; path = HeliumOS.app; sourceTree = BUILT_PRODUCTS_DIR; };
		E190F61B242929930030B996 /* AppDelegate.swift */ = {isa = PBXFileReference; lastKnownFileType = sourcecode.swift; path = AppDelegate.swift; sourceTree = "<group>"; };
		E190F61D242929930030B996 /* SceneDelegate.swift */ = {isa = PBXFileReference; lastKnownFileType = sourcecode.swift; path = SceneDelegate.swift; sourceTree = "<group>"; };
		E190F621242929940030B996 /* Images.xcassets */ = {isa = PBXFileReference; lastKnownFileType = folder.assetcatalog; path = Images.xcassets; sourceTree = "<group>"; };
		E190F624242929940030B996 /* Preview Assets.xcassets */ = {isa = PBXFileReference; lastKnownFileType = folder.assetcatalog; path = "Preview Assets.xcassets"; sourceTree = "<group>"; };
		E190F627242929940030B996 /* Base */ = {isa = PBXFileReference; lastKnownFileType = file.storyboard; name = Base; path = Base.lproj/LaunchScreen.storyboard; sourceTree = "<group>"; };
		E190F629242929940030B996 /* Info.plist */ = {isa = PBXFileReference; lastKnownFileType = text.plist.xml; path = Info.plist; sourceTree = "<group>"; };
		E1AB38942BD32320009D99EE /* HomeControllerActionType.swift */ = {isa = PBXFileReference; lastKnownFileType = sourcecode.swift; path = HomeControllerActionType.swift; sourceTree = "<group>"; };
		E1ACA4722BD3046100125426 /* ControllerInputType.swift */ = {isa = PBXFileReference; lastKnownFileType = sourcecode.swift; path = ControllerInputType.swift; sourceTree = "<group>"; };
		E1ACA4742BD3098A00125426 /* UIImage+Extension.swift */ = {isa = PBXFileReference; lastKnownFileType = sourcecode.swift; path = "UIImage+Extension.swift"; sourceTree = "<group>"; };
		E1ACA4762BD309BA00125426 /* UIColor+Extension.swift */ = {isa = PBXFileReference; lastKnownFileType = sourcecode.swift; path = "UIColor+Extension.swift"; sourceTree = "<group>"; };
		E1ACA4782BD309D500125426 /* CHHapticEventParameter+Extension.swift */ = {isa = PBXFileReference; lastKnownFileType = sourcecode.swift; path = "CHHapticEventParameter+Extension.swift"; sourceTree = "<group>"; };
		E1AD4393282FCE72004BAB77 /* Font+Extension.swift */ = {isa = PBXFileReference; lastKnownFileType = sourcecode.swift; path = "Font+Extension.swift"; sourceTree = "<group>"; };
		E1AD4396282FD0F0004BAB77 /* MenuItemType.swift */ = {isa = PBXFileReference; lastKnownFileType = sourcecode.swift; path = MenuItemType.swift; sourceTree = "<group>"; };
		E1AD439B282FD340004BAB77 /* BackgroundView.swift */ = {isa = PBXFileReference; lastKnownFileType = sourcecode.swift; path = BackgroundView.swift; sourceTree = "<group>"; };
		E1AD439D282FD3B8004BAB77 /* MediaTileView.swift */ = {isa = PBXFileReference; lastKnownFileType = sourcecode.swift; path = MediaTileView.swift; sourceTree = "<group>"; };
		E1AD439F282FD41D004BAB77 /* MainTilesListView.swift */ = {isa = PBXFileReference; lastKnownFileType = sourcecode.swift; path = MainTilesListView.swift; sourceTree = "<group>"; };
		E1AD43A3282FD5A6004BAB77 /* ItemDetailsView.swift */ = {isa = PBXFileReference; lastKnownFileType = sourcecode.swift; path = ItemDetailsView.swift; sourceTree = "<group>"; };
		E1AD43A5282FD703004BAB77 /* MenuButton.swift */ = {isa = PBXFileReference; lastKnownFileType = sourcecode.swift; path = MenuButton.swift; sourceTree = "<group>"; };
		E1AD43A7282FD740004BAB77 /* NavigationView.swift */ = {isa = PBXFileReference; lastKnownFileType = sourcecode.swift; path = NavigationView.swift; sourceTree = "<group>"; };
		E1AD43AB282FEFA2004BAB77 /* RoundedCornersShape.swift */ = {isa = PBXFileReference; lastKnownFileType = sourcecode.swift; path = RoundedCornersShape.swift; sourceTree = "<group>"; };
		E1AD43AD282FF0A7004BAB77 /* Array+Extension.swift */ = {isa = PBXFileReference; lastKnownFileType = sourcecode.swift; path = "Array+Extension.swift"; sourceTree = "<group>"; };
		E1B9E3BF2B656CEF00163EDD /* HomeViewModel.swift */ = {isa = PBXFileReference; lastKnownFileType = sourcecode.swift; path = HomeViewModel.swift; sourceTree = "<group>"; };
		E1B9E3C32B65712D00163EDD /* String+Extension.swift */ = {isa = PBXFileReference; lastKnownFileType = sourcecode.swift; path = "String+Extension.swift"; sourceTree = "<group>"; };
		E1B9E3C52B6576D800163EDD /* GameGenreType.swift */ = {isa = PBXFileReference; lastKnownFileType = sourcecode.swift; path = GameGenreType.swift; sourceTree = "<group>"; };
		E1B9E3C72B6576E800163EDD /* MusicGenreType.swift */ = {isa = PBXFileReference; lastKnownFileType = sourcecode.swift; path = MusicGenreType.swift; sourceTree = "<group>"; };
		E1B9E3C92B6576EF00163EDD /* MovieGenreType.swift */ = {isa = PBXFileReference; lastKnownFileType = sourcecode.swift; path = MovieGenreType.swift; sourceTree = "<group>"; };
		E1B9E3CB2B65771600163EDD /* MediaType.swift */ = {isa = PBXFileReference; lastKnownFileType = sourcecode.swift; path = MediaType.swift; sourceTree = "<group>"; };
		E1B9E3CD2B65772D00163EDD /* MediaItemProtocol.swift */ = {isa = PBXFileReference; lastKnownFileType = sourcecode.swift; path = MediaItemProtocol.swift; sourceTree = "<group>"; };
		E1B9E3D02B65801500163EDD /* MediaRepository.swift */ = {isa = PBXFileReference; lastKnownFileType = sourcecode.swift; path = MediaRepository.swift; sourceTree = "<group>"; };
		E1B9E3D22B6580A500163EDD /* HomeView.swift */ = {isa = PBXFileReference; fileEncoding = 4; lastKnownFileType = sourcecode.swift; path = HomeView.swift; sourceTree = "<group>"; };
		E1C67F192BCF0A8D00523C3D /* GameControllerService.swift */ = {isa = PBXFileReference; lastKnownFileType = sourcecode.swift; path = GameControllerService.swift; sourceTree = "<group>"; };
		E1D2005F244B7ECB00AC36B7 /* changeSelection.wav */ = {isa = PBXFileReference; lastKnownFileType = audio.wav; path = changeSelection.wav; sourceTree = "<group>"; };
		E1E5FEE42B684EA800F1F8D6 /* ActionButton.swift */ = {isa = PBXFileReference; lastKnownFileType = sourcecode.swift; path = ActionButton.swift; sourceTree = "<group>"; };
		E1FDEBCB24310D0300E9EC63 /* UIAudioService.swift */ = {isa = PBXFileReference; lastKnownFileType = sourcecode.swift; path = UIAudioService.swift; sourceTree = "<group>"; };
		E1FDEBD02431335D00E9EC63 /* MediaItemModel.swift */ = {isa = PBXFileReference; lastKnownFileType = sourcecode.swift; path = MediaItemModel.swift; sourceTree = "<group>"; };
/* End PBXFileReference section */

/* Begin PBXFrameworksBuildPhase section */
		E190F615242929930030B996 /* Frameworks */ = {
			isa = PBXFrameworksBuildPhase;
			buildActionMask = 2147483647;
			files = (
			);
			runOnlyForDeploymentPostprocessing = 0;
		};
/* End PBXFrameworksBuildPhase section */

/* Begin PBXGroup section */
		563D2C002B8679480035620D /* Boot */ = {
			isa = PBXGroup;
			children = (
				563D2C012B8679590035620D /* BootView.swift */,
			);
			path = Boot;
			sourceTree = "<group>";
		};
		563D2C052B8688EA0035620D /* Root */ = {
			isa = PBXGroup;
			children = (
				563D2C062B8688F00035620D /* RootView.swift */,
				563D2C082B8689070035620D /* RootViewModel.swift */,
			);
			path = Root;
			sourceTree = "<group>";
		};
		56B291892B7D5484000C6460 /* UIView */ = {
			isa = PBXGroup;
			children = (
				56B2918A2B7D5490000C6460 /* PlayerContainerView.swift */,
			);
			path = UIView;
			sourceTree = "<group>";
		};
		56B2918C2B7D54DD000C6460 /* VideoPlayer */ = {
			isa = PBXGroup;
			children = (
				56E6A3C92B72E7F900C86E09 /* VideoView.swift */,
				56B2918D2B7D5514000C6460 /* VideoViewModel.swift */,
			);
			path = VideoPlayer;
			sourceTree = "<group>";
		};
		56E6A3CB2B72EB6400C86E09 /* Videos */ = {
			isa = PBXGroup;
			children = (
				563D2BFE2B8673760035620D /* coldplay.mp4 */,
				565B362C2B7EBE38002D54DC /* justice.mov */,
			);
			path = Videos;
			sourceTree = "<group>";
		};
		E17CBE772B6AB9CC002A7253 /* ButtonStyles */ = {
			isa = PBXGroup;
			children = (
				E17CBE782B6AB9DA002A7253 /* ActionButtonStyle.swift */,
			);
			path = ButtonStyles;
			sourceTree = "<group>";
		};
		E187BC972B65AC00007F989F /* CustomFontWeightTypes */ = {
			isa = PBXGroup;
			children = (
				E187BC982B65AC14007F989F /* FigtreeWeight.swift */,
				E187BC9C2B65AC21007F989F /* CalSansWeight.swift */,
			);
			path = CustomFontWeightTypes;
			sourceTree = "<group>";
		};
		E187BCA72B65BC7F007F989F /* Genres */ = {
			isa = PBXGroup;
			children = (
				E1B9E3C52B6576D800163EDD /* GameGenreType.swift */,
				E1B9E3C72B6576E800163EDD /* MusicGenreType.swift */,
				E1B9E3C92B6576EF00163EDD /* MovieGenreType.swift */,
			);
			path = Genres;
			sourceTree = "<group>";
		};
		E187BCAA2B66EFB4007F989F /* Modifiers */ = {
			isa = PBXGroup;
			children = (
				E17CBE772B6AB9CC002A7253 /* ButtonStyles */,
				E187BCA82B66DBDD007F989F /* XAxisMoveModifier.swift */,
			);
			path = Modifiers;
			sourceTree = "<group>";
		};
		E190F60F242929930030B996 = {
			isa = PBXGroup;
			children = (
				E190F61A242929930030B996 /* HeliumOS */,
				E190F619242929930030B996 /* Products */,
			);
			sourceTree = "<group>";
		};
		E190F619242929930030B996 /* Products */ = {
			isa = PBXGroup;
			children = (
				E190F618242929930030B996 /* HeliumOS.app */,
			);
			name = Products;
			sourceTree = "<group>";
		};
		E190F61A242929930030B996 /* HeliumOS */ = {
			isa = PBXGroup;
			children = (
				E190F61B242929930030B996 /* AppDelegate.swift */,
				E190F61D242929930030B996 /* SceneDelegate.swift */,
				E1B9E3C12B656DFC00163EDD /* Features */,
				E1AD439A282FD339004BAB77 /* Components */,
				E1FDEBD22431336200E9EC63 /* Models */,
				E1AD4395282FD0E1004BAB77 /* Enums */,
				E1B9E3CF2B65800A00163EDD /* Repositories */,
				E1FDEBCD2431122E00E9EC63 /* Services */,
				E1AD43AA282FEF97004BAB77 /* Shapes */,
				E1AD4392282FCE61004BAB77 /* Extensions */,
				E187BCAA2B66EFB4007F989F /* Modifiers */,
				E1AD4391282FCCA5004BAB77 /* Resources */,
				E190F626242929940030B996 /* LaunchScreen.storyboard */,
				E190F629242929940030B996 /* Info.plist */,
				E190F623242929940030B996 /* Preview Content */,
			);
			path = HeliumOS;
			sourceTree = "<group>";
		};
		E190F623242929940030B996 /* Preview Content */ = {
			isa = PBXGroup;
			children = (
				E190F624242929940030B996 /* Preview Assets.xcassets */,
			);
			path = "Preview Content";
			sourceTree = "<group>";
		};
		E190F62F24293CE70030B996 /* Fonts */ = {
			isa = PBXGroup;
			children = (
				E187BC8E2B65AB57007F989F /* Figtree-Black.ttf */,
				E187BC8A2B65AB57007F989F /* Figtree-Bold.ttf */,
				E187BC932B65AB57007F989F /* Figtree-Extrabold.ttf */,
				E187BC8F2B65AB57007F989F /* Figtree-Light.ttf */,
				E187BC892B65AB56007F989F /* Figtree-Medium.ttf */,
				E187BC942B65AB57007F989F /* Figtree-Regular.ttf */,
				E187BC8B2B65AB57007F989F /* Figtree-Semibold.ttf */,
				E187BC6F2B65A7ED007F989F /* CalSans-Semibold.otf */,
			);
			path = Fonts;
			sourceTree = "<group>";
		};
		E1AD4391282FCCA5004BAB77 /* Resources */ = {
			isa = PBXGroup;
			children = (
				56E6A3CB2B72EB6400C86E09 /* Videos */,
				E1E7CF8824390686003FF26E /* Sounds */,
				E190F62F24293CE70030B996 /* Fonts */,
				E190F621242929940030B996 /* Images.xcassets */,
				565B361E2B7E9A17002D54DC /* Colors.xcassets */,
			);
			path = Resources;
			sourceTree = "<group>";
		};
		E1AD4392282FCE61004BAB77 /* Extensions */ = {
			isa = PBXGroup;
			children = (
				E1AD4393282FCE72004BAB77 /* Font+Extension.swift */,
				E1AD43AD282FF0A7004BAB77 /* Array+Extension.swift */,
				E1B9E3C32B65712D00163EDD /* String+Extension.swift */,
				E1ACA4742BD3098A00125426 /* UIImage+Extension.swift */,
				E1ACA4762BD309BA00125426 /* UIColor+Extension.swift */,
				E1ACA4782BD309D500125426 /* CHHapticEventParameter+Extension.swift */,
			);
			path = Extensions;
			sourceTree = "<group>";
		};
		E1AD4395282FD0E1004BAB77 /* Enums */ = {
			isa = PBXGroup;
			children = (
				E187BC972B65AC00007F989F /* CustomFontWeightTypes */,
				E187BCA72B65BC7F007F989F /* Genres */,
				E1AD4396282FD0F0004BAB77 /* MenuItemType.swift */,
				E1B9E3CB2B65771600163EDD /* MediaType.swift */,
				E187BCA52B65BC18007F989F /* MainLayoutConstants.swift */,
				563D2C032B8685C30035620D /* AnimationConstants.swift */,
				565B36202B7E9BAE002D54DC /* FileExtension.swift */,
				E1ACA4722BD3046100125426 /* ControllerInputType.swift */,
				E1AB38942BD32320009D99EE /* HomeControllerActionType.swift */,
			);
			path = Enums;
			sourceTree = "<group>";
		};
		E1AD439A282FD339004BAB77 /* Components */ = {
			isa = PBXGroup;
			children = (
				56B291892B7D5484000C6460 /* UIView */,
				E1AD43A9282FD83D004BAB77 /* Buttons */,
				E1AD439B282FD340004BAB77 /* BackgroundView.swift */,
				E1AD439D282FD3B8004BAB77 /* MediaTileView.swift */,
				E1AD439F282FD41D004BAB77 /* MainTilesListView.swift */,
				E1AD43A3282FD5A6004BAB77 /* ItemDetailsView.swift */,
				E1AD43A7282FD740004BAB77 /* NavigationView.swift */,
				56B2918C2B7D54DD000C6460 /* VideoPlayer */,
			);
			path = Components;
			sourceTree = "<group>";
		};
		E1AD43A9282FD83D004BAB77 /* Buttons */ = {
			isa = PBXGroup;
			children = (
				E1AD43A5282FD703004BAB77 /* MenuButton.swift */,
				E1E5FEE42B684EA800F1F8D6 /* ActionButton.swift */,
			);
			path = Buttons;
			sourceTree = "<group>";
		};
		E1AD43AA282FEF97004BAB77 /* Shapes */ = {
			isa = PBXGroup;
			children = (
				E1AD43AB282FEFA2004BAB77 /* RoundedCornersShape.swift */,
			);
			path = Shapes;
			sourceTree = "<group>";
		};
		E1B9E3C12B656DFC00163EDD /* Features */ = {
			isa = PBXGroup;
			children = (
				563D2C052B8688EA0035620D /* Root */,
				563D2C002B8679480035620D /* Boot */,
				E1B9E3C22B656E0800163EDD /* Home */,
			);
			path = Features;
			sourceTree = "<group>";
		};
		E1B9E3C22B656E0800163EDD /* Home */ = {
			isa = PBXGroup;
			children = (
				E1B9E3D22B6580A500163EDD /* HomeView.swift */,
				E1B9E3BF2B656CEF00163EDD /* HomeViewModel.swift */,
			);
			path = Home;
			sourceTree = "<group>";
		};
		E1B9E3CF2B65800A00163EDD /* Repositories */ = {
			isa = PBXGroup;
			children = (
				E1B9E3D02B65801500163EDD /* MediaRepository.swift */,
			);
			path = Repositories;
			sourceTree = "<group>";
		};
		E1E7CF8824390686003FF26E /* Sounds */ = {
			isa = PBXGroup;
			children = (
				E1D2005F244B7ECB00AC36B7 /* changeSelection.wav */,
			);
			path = Sounds;
			sourceTree = "<group>";
		};
		E1FDEBCD2431122E00E9EC63 /* Services */ = {
			isa = PBXGroup;
			children = (
				E1FDEBCB24310D0300E9EC63 /* UIAudioService.swift */,
				E187BC6B2B658CB6007F989F /* LiveClockService.swift */,
				E1C67F192BCF0A8D00523C3D /* GameControllerService.swift */,
			);
			path = Services;
			sourceTree = "<group>";
		};
		E1FDEBD22431336200E9EC63 /* Models */ = {
			isa = PBXGroup;
			children = (
				E1FDEBD02431335D00E9EC63 /* MediaItemModel.swift */,
				E1B9E3CD2B65772D00163EDD /* MediaItemProtocol.swift */,
				565B36222B7E9C27002D54DC /* VisualContentModel.swift */,
				565B36242B7E9C58002D54DC /* GameMediaItemModel.swift */,
				565B36262B7E9C73002D54DC /* MusicMediaItemModel.swift */,
				565B36282B7E9C86002D54DC /* MovieMediaItemModel.swift */,
			);
			path = Models;
			sourceTree = "<group>";
		};
/* End PBXGroup section */

/* Begin PBXNativeTarget section */
		E190F617242929930030B996 /* HeliumOS */ = {
			isa = PBXNativeTarget;
			buildConfigurationList = E190F62C242929940030B996 /* Build configuration list for PBXNativeTarget "HeliumOS" */;
			buildPhases = (
				E190F614242929930030B996 /* Sources */,
				E190F615242929930030B996 /* Frameworks */,
				E190F616242929930030B996 /* Resources */,
			);
			buildRules = (
			);
			dependencies = (
			);
			name = HeliumOS;
			productName = HeliumOS;
			productReference = E190F618242929930030B996 /* HeliumOS.app */;
			productType = "com.apple.product-type.application";
		};
/* End PBXNativeTarget section */

/* Begin PBXProject section */
		E190F610242929930030B996 /* Project object */ = {
			isa = PBXProject;
			attributes = {
				LastSwiftUpdateCheck = 1130;
				LastUpgradeCheck = 1130;
				ORGANIZATIONNAME = "Tobiasz Dobrowolski";
				TargetAttributes = {
					E190F617242929930030B996 = {
						CreatedOnToolsVersion = 11.3.1;
					};
				};
			};
			buildConfigurationList = E190F613242929930030B996 /* Build configuration list for PBXProject "HeliumOS" */;
			compatibilityVersion = "Xcode 9.3";
			developmentRegion = en;
			hasScannedForEncodings = 0;
			knownRegions = (
				en,
				Base,
			);
			mainGroup = E190F60F242929930030B996;
			productRefGroup = E190F619242929930030B996 /* Products */;
			projectDirPath = "";
			projectRoot = "";
			targets = (
				E190F617242929930030B996 /* HeliumOS */,
			);
		};
/* End PBXProject section */

/* Begin PBXResourcesBuildPhase section */
		E190F616242929930030B996 /* Resources */ = {
			isa = PBXResourcesBuildPhase;
			buildActionMask = 2147483647;
			files = (
				E187BC702B65A7ED007F989F /* CalSans-Semibold.otf in Resources */,
				E187BCA22B65AE63007F989F /* Figtree-Extrabold.ttf in Resources */,
				E187BC9F2B65AE63007F989F /* Figtree-Light.ttf in Resources */,
				563D2BFF2B8673760035620D /* coldplay.mp4 in Resources */,
				E190F628242929940030B996 /* LaunchScreen.storyboard in Resources */,
				E187BCA02B65AE63007F989F /* Figtree-Black.ttf in Resources */,
				E187BCA32B65AE63007F989F /* Figtree-Bold.ttf in Resources */,
				E187BCA12B65AE63007F989F /* Figtree-Medium.ttf in Resources */,
				E187BC9E2B65AE63007F989F /* Figtree-Regular.ttf in Resources */,
				E1D20060244B7ECB00AC36B7 /* changeSelection.wav in Resources */,
				E190F625242929940030B996 /* Preview Assets.xcassets in Resources */,
				E187BCA42B65AE63007F989F /* Figtree-Semibold.ttf in Resources */,
				E190F622242929940030B996 /* Images.xcassets in Resources */,
				565B361F2B7E9A17002D54DC /* Colors.xcassets in Resources */,
				565B362D2B7EBE38002D54DC /* justice.mov in Resources */,
			);
			runOnlyForDeploymentPostprocessing = 0;
		};
/* End PBXResourcesBuildPhase section */

/* Begin PBXSourcesBuildPhase section */
		E190F614242929930030B996 /* Sources */ = {
			isa = PBXSourcesBuildPhase;
			buildActionMask = 2147483647;
			files = (
				E1ACA4792BD309D500125426 /* CHHapticEventParameter+Extension.swift in Sources */,
				E187BCA92B66DBDD007F989F /* XAxisMoveModifier.swift in Sources */,
				E1B9E3D12B65801500163EDD /* MediaRepository.swift in Sources */,
				E1AD43AC282FEFA2004BAB77 /* RoundedCornersShape.swift in Sources */,
				E1AD43AE282FF0A8004BAB77 /* Array+Extension.swift in Sources */,
				E1B9E3D32B6580A500163EDD /* HomeView.swift in Sources */,
				565B36272B7E9C73002D54DC /* MusicMediaItemModel.swift in Sources */,
				E1AB38952BD32320009D99EE /* HomeControllerActionType.swift in Sources */,
				E1B9E3CA2B6576EF00163EDD /* MovieGenreType.swift in Sources */,
				E1AD43A4282FD5A6004BAB77 /* ItemDetailsView.swift in Sources */,
				565B36232B7E9C27002D54DC /* VisualContentModel.swift in Sources */,
				E1ACA4752BD3098A00125426 /* UIImage+Extension.swift in Sources */,
				56B2918B2B7D5490000C6460 /* PlayerContainerView.swift in Sources */,
				E17CBE792B6AB9DA002A7253 /* ActionButtonStyle.swift in Sources */,
				E1B9E3C62B6576D800163EDD /* GameGenreType.swift in Sources */,
				56E6A3CA2B72E7F900C86E09 /* VideoView.swift in Sources */,
				565B36292B7E9C86002D54DC /* MovieMediaItemModel.swift in Sources */,
				E187BC9D2B65AC21007F989F /* CalSansWeight.swift in Sources */,
				E1B9E3C42B65712D00163EDD /* String+Extension.swift in Sources */,
				E1B9E3CC2B65771600163EDD /* MediaType.swift in Sources */,
				E187BCA62B65BC18007F989F /* MainLayoutConstants.swift in Sources */,
				E190F61C242929930030B996 /* AppDelegate.swift in Sources */,
				E1FDEBCC24310D0300E9EC63 /* UIAudioService.swift in Sources */,
				E1AD439E282FD3B8004BAB77 /* MediaTileView.swift in Sources */,
				56B2918E2B7D5514000C6460 /* VideoViewModel.swift in Sources */,
				E190F61E242929930030B996 /* SceneDelegate.swift in Sources */,
				E1C67F1A2BCF0A8D00523C3D /* GameControllerService.swift in Sources */,
				563D2C022B8679590035620D /* BootView.swift in Sources */,
				565B36212B7E9BAE002D54DC /* FileExtension.swift in Sources */,
				E1ACA4732BD3046100125426 /* ControllerInputType.swift in Sources */,
				563D2C092B8689070035620D /* RootViewModel.swift in Sources */,
				E1AD43A8282FD740004BAB77 /* NavigationView.swift in Sources */,
				E1AD4394282FCE72004BAB77 /* Font+Extension.swift in Sources */,
				E1AD43A6282FD703004BAB77 /* MenuButton.swift in Sources */,
				565B36252B7E9C58002D54DC /* GameMediaItemModel.swift in Sources */,
				E1ACA4772BD309BA00125426 /* UIColor+Extension.swift in Sources */,
				E1E5FEE52B684EA800F1F8D6 /* ActionButton.swift in Sources */,
				E1AD43A0282FD41D004BAB77 /* MainTilesListView.swift in Sources */,
				563D2C072B8688F00035620D /* RootView.swift in Sources */,
				E1AD439C282FD340004BAB77 /* BackgroundView.swift in Sources */,
				E1B9E3C82B6576E800163EDD /* MusicGenreType.swift in Sources */,
				E1B9E3CE2B65772D00163EDD /* MediaItemProtocol.swift in Sources */,
				563D2C042B8685C30035620D /* AnimationConstants.swift in Sources */,
				E1AD4397282FD0F0004BAB77 /* MenuItemType.swift in Sources */,
				E1FDEBD12431335D00E9EC63 /* MediaItemModel.swift in Sources */,
				E187BC6C2B658CB6007F989F /* LiveClockService.swift in Sources */,
				E187BC992B65AC14007F989F /* FigtreeWeight.swift in Sources */,
				E1B9E3C02B656CEF00163EDD /* HomeViewModel.swift in Sources */,
			);
			runOnlyForDeploymentPostprocessing = 0;
		};
/* End PBXSourcesBuildPhase section */

/* Begin PBXVariantGroup section */
		E190F626242929940030B996 /* LaunchScreen.storyboard */ = {
			isa = PBXVariantGroup;
			children = (
				E190F627242929940030B996 /* Base */,
			);
			name = LaunchScreen.storyboard;
			sourceTree = "<group>";
		};
/* End PBXVariantGroup section */

/* Begin XCBuildConfiguration section */
		E190F62A242929940030B996 /* Debug */ = {
			isa = XCBuildConfiguration;
			buildSettings = {
				ALWAYS_SEARCH_USER_PATHS = NO;
				CLANG_ANALYZER_NONNULL = YES;
				CLANG_ANALYZER_NUMBER_OBJECT_CONVERSION = YES_AGGRESSIVE;
				CLANG_CXX_LANGUAGE_STANDARD = "gnu++14";
				CLANG_CXX_LIBRARY = "libc++";
				CLANG_ENABLE_MODULES = YES;
				CLANG_ENABLE_OBJC_ARC = YES;
				CLANG_ENABLE_OBJC_WEAK = YES;
				CLANG_WARN_BLOCK_CAPTURE_AUTORELEASING = YES;
				CLANG_WARN_BOOL_CONVERSION = YES;
				CLANG_WARN_COMMA = YES;
				CLANG_WARN_CONSTANT_CONVERSION = YES;
				CLANG_WARN_DEPRECATED_OBJC_IMPLEMENTATIONS = YES;
				CLANG_WARN_DIRECT_OBJC_ISA_USAGE = YES_ERROR;
				CLANG_WARN_DOCUMENTATION_COMMENTS = YES;
				CLANG_WARN_EMPTY_BODY = YES;
				CLANG_WARN_ENUM_CONVERSION = YES;
				CLANG_WARN_INFINITE_RECURSION = YES;
				CLANG_WARN_INT_CONVERSION = YES;
				CLANG_WARN_NON_LITERAL_NULL_CONVERSION = YES;
				CLANG_WARN_OBJC_IMPLICIT_RETAIN_SELF = YES;
				CLANG_WARN_OBJC_LITERAL_CONVERSION = YES;
				CLANG_WARN_OBJC_ROOT_CLASS = YES_ERROR;
				CLANG_WARN_RANGE_LOOP_ANALYSIS = YES;
				CLANG_WARN_STRICT_PROTOTYPES = YES;
				CLANG_WARN_SUSPICIOUS_MOVE = YES;
				CLANG_WARN_UNGUARDED_AVAILABILITY = YES_AGGRESSIVE;
				CLANG_WARN_UNREACHABLE_CODE = YES;
				CLANG_WARN__DUPLICATE_METHOD_MATCH = YES;
				COPY_PHASE_STRIP = NO;
				DEBUG_INFORMATION_FORMAT = dwarf;
				ENABLE_STRICT_OBJC_MSGSEND = YES;
				ENABLE_TESTABILITY = YES;
				GCC_C_LANGUAGE_STANDARD = gnu11;
				GCC_DYNAMIC_NO_PIC = NO;
				GCC_NO_COMMON_BLOCKS = YES;
				GCC_OPTIMIZATION_LEVEL = 0;
				GCC_PREPROCESSOR_DEFINITIONS = (
					"DEBUG=1",
					"$(inherited)",
				);
				GCC_WARN_64_TO_32_BIT_CONVERSION = YES;
				GCC_WARN_ABOUT_RETURN_TYPE = YES_ERROR;
				GCC_WARN_UNDECLARED_SELECTOR = YES;
				GCC_WARN_UNINITIALIZED_AUTOS = YES_AGGRESSIVE;
				GCC_WARN_UNUSED_FUNCTION = YES;
				GCC_WARN_UNUSED_VARIABLE = YES;
				IPHONEOS_DEPLOYMENT_TARGET = 17.0;
				MTL_ENABLE_DEBUG_INFO = INCLUDE_SOURCE;
				MTL_FAST_MATH = YES;
				ONLY_ACTIVE_ARCH = YES;
				SDKROOT = iphoneos;
				SWIFT_ACTIVE_COMPILATION_CONDITIONS = DEBUG;
				SWIFT_OPTIMIZATION_LEVEL = "-Onone";
			};
			name = Debug;
		};
		E190F62B242929940030B996 /* Release */ = {
			isa = XCBuildConfiguration;
			buildSettings = {
				ALWAYS_SEARCH_USER_PATHS = NO;
				CLANG_ANALYZER_NONNULL = YES;
				CLANG_ANALYZER_NUMBER_OBJECT_CONVERSION = YES_AGGRESSIVE;
				CLANG_CXX_LANGUAGE_STANDARD = "gnu++14";
				CLANG_CXX_LIBRARY = "libc++";
				CLANG_ENABLE_MODULES = YES;
				CLANG_ENABLE_OBJC_ARC = YES;
				CLANG_ENABLE_OBJC_WEAK = YES;
				CLANG_WARN_BLOCK_CAPTURE_AUTORELEASING = YES;
				CLANG_WARN_BOOL_CONVERSION = YES;
				CLANG_WARN_COMMA = YES;
				CLANG_WARN_CONSTANT_CONVERSION = YES;
				CLANG_WARN_DEPRECATED_OBJC_IMPLEMENTATIONS = YES;
				CLANG_WARN_DIRECT_OBJC_ISA_USAGE = YES_ERROR;
				CLANG_WARN_DOCUMENTATION_COMMENTS = YES;
				CLANG_WARN_EMPTY_BODY = YES;
				CLANG_WARN_ENUM_CONVERSION = YES;
				CLANG_WARN_INFINITE_RECURSION = YES;
				CLANG_WARN_INT_CONVERSION = YES;
				CLANG_WARN_NON_LITERAL_NULL_CONVERSION = YES;
				CLANG_WARN_OBJC_IMPLICIT_RETAIN_SELF = YES;
				CLANG_WARN_OBJC_LITERAL_CONVERSION = YES;
				CLANG_WARN_OBJC_ROOT_CLASS = YES_ERROR;
				CLANG_WARN_RANGE_LOOP_ANALYSIS = YES;
				CLANG_WARN_STRICT_PROTOTYPES = YES;
				CLANG_WARN_SUSPICIOUS_MOVE = YES;
				CLANG_WARN_UNGUARDED_AVAILABILITY = YES_AGGRESSIVE;
				CLANG_WARN_UNREACHABLE_CODE = YES;
				CLANG_WARN__DUPLICATE_METHOD_MATCH = YES;
				COPY_PHASE_STRIP = NO;
				DEBUG_INFORMATION_FORMAT = "dwarf-with-dsym";
				ENABLE_NS_ASSERTIONS = NO;
				ENABLE_STRICT_OBJC_MSGSEND = YES;
				GCC_C_LANGUAGE_STANDARD = gnu11;
				GCC_NO_COMMON_BLOCKS = YES;
				GCC_WARN_64_TO_32_BIT_CONVERSION = YES;
				GCC_WARN_ABOUT_RETURN_TYPE = YES_ERROR;
				GCC_WARN_UNDECLARED_SELECTOR = YES;
				GCC_WARN_UNINITIALIZED_AUTOS = YES_AGGRESSIVE;
				GCC_WARN_UNUSED_FUNCTION = YES;
				GCC_WARN_UNUSED_VARIABLE = YES;
				IPHONEOS_DEPLOYMENT_TARGET = 17.0;
				MTL_ENABLE_DEBUG_INFO = NO;
				MTL_FAST_MATH = YES;
				SDKROOT = iphoneos;
				SWIFT_COMPILATION_MODE = wholemodule;
				SWIFT_OPTIMIZATION_LEVEL = "-O";
				VALIDATE_PRODUCT = YES;
			};
			name = Release;
		};
		E190F62D242929940030B996 /* Debug */ = {
			isa = XCBuildConfiguration;
			buildSettings = {
				ASSETCATALOG_COMPILER_APPICON_NAME = AppIcon;
				ASSETCATALOG_COMPILER_GENERATE_SWIFT_ASSET_SYMBOL_EXTENSIONS = YES;
				CODE_SIGN_STYLE = Automatic;
				DEVELOPMENT_ASSET_PATHS = "\"HeliumOS/Preview Content\"";
				DEVELOPMENT_TEAM = V9858W9DAL;
				ENABLE_PREVIEWS = YES;
				INFOPLIST_FILE = HeliumOS/Info.plist;
				IPHONEOS_DEPLOYMENT_TARGET = 17.0;
				LD_RUNPATH_SEARCH_PATHS = (
					"$(inherited)",
					"@executable_path/Frameworks",
				);
				PRODUCT_BUNDLE_IDENTIFIER = com.infinity.HeliumOS;
				PRODUCT_NAME = "$(TARGET_NAME)";
				SWIFT_VERSION = 5.0;
				TARGETED_DEVICE_FAMILY = 2;
			};
			name = Debug;
		};
		E190F62E242929940030B996 /* Release */ = {
			isa = XCBuildConfiguration;
			buildSettings = {
				ASSETCATALOG_COMPILER_APPICON_NAME = AppIcon;
				ASSETCATALOG_COMPILER_GENERATE_SWIFT_ASSET_SYMBOL_EXTENSIONS = YES;
				CODE_SIGN_STYLE = Automatic;
				DEVELOPMENT_ASSET_PATHS = "\"HeliumOS/Preview Content\"";
				DEVELOPMENT_TEAM = V9858W9DAL;
				ENABLE_PREVIEWS = YES;
				INFOPLIST_FILE = HeliumOS/Info.plist;
				IPHONEOS_DEPLOYMENT_TARGET = 17.0;
				LD_RUNPATH_SEARCH_PATHS = (
					"$(inherited)",
					"@executable_path/Frameworks",
				);
				PRODUCT_BUNDLE_IDENTIFIER = com.infinity.HeliumOS;
				PRODUCT_NAME = "$(TARGET_NAME)";
				SWIFT_VERSION = 5.0;
				TARGETED_DEVICE_FAMILY = 2;
			};
			name = Release;
		};
/* End XCBuildConfiguration section */

/* Begin XCConfigurationList section */
		E190F613242929930030B996 /* Build configuration list for PBXProject "HeliumOS" */ = {
			isa = XCConfigurationList;
			buildConfigurations = (
				E190F62A242929940030B996 /* Debug */,
				E190F62B242929940030B996 /* Release */,
			);
			defaultConfigurationIsVisible = 0;
			defaultConfigurationName = Release;
		};
		E190F62C242929940030B996 /* Build configuration list for PBXNativeTarget "HeliumOS" */ = {
			isa = XCConfigurationList;
			buildConfigurations = (
				E190F62D242929940030B996 /* Debug */,
				E190F62E242929940030B996 /* Release */,
			);
			defaultConfigurationIsVisible = 0;
			defaultConfigurationName = Release;
		};
/* End XCConfigurationList section */
	};
	rootObject = E190F610242929930030B996 /* Project object */;
}
